// !$*UTF8*$!
{
	archiveVersion = 1;
	classes = {
	};
	objectVersion = 46;
	objects = {

/* Begin PBXFileReference section */
		6C7D00F018C1A50A0011A880 /* logSnatcher.py */ = {isa = PBXFileReference; lastKnownFileType = text.script.python; path = logSnatcher.py; sourceTree = "<group>"; };
/* End PBXFileReference section */

/* Begin PBXGroup section */
		6C7D00E918C1A4FC0011A880 = {
			isa = PBXGroup;
			children = (
				6C7D00F018C1A50A0011A880 /* logSnatcher.py */,
			);
			sourceTree = "<group>";
		};
/* End PBXGroup section */

/* Begin PBXProject section */
		6C7D00EA18C1A4FC0011A880 /* Project object */ = {
			isa = PBXProject;
			attributes = {
				LastUpgradeCheck = 0500;
			};
			buildConfigurationList = 6C7D00ED18C1A4FC0011A880 /* Build configuration list for PBXProject "logSnatcher" */;
			compatibilityVersion = "Xcode 3.2";
			developmentRegion = English;
			hasScannedForEncodings = 0;
			knownRegions = (
				en,
			);
			mainGroup = 6C7D00E918C1A4FC0011A880;
			projectDirPath = "";
			projectRoot = "";
			targets = (
			);
		};
/* End PBXProject section */

/* Begin XCBuildConfiguration section */
		6C7D00EE18C1A4FC0011A880 /* Debug */ = {
			isa = XCBuildConfiguration;
			buildSettings = {
			};
			name = Debug;
		};
		6C7D00EF18C1A4FC0011A880 /* Release */ = {
			isa = XCBuildConfiguration;
			buildSettings = {
			};
			name = Release;
		};
/* End XCBuildConfiguration section */

/* Begin XCConfigurationList section */
		6C7D00ED18C1A4FC0011A880 /* Build configuration list for PBXProject "logSnatcher" */ = {
			isa = XCConfigurationList;
			buildConfigurations = (
				6C7D00EE18C1A4FC0011A880 /* Debug */,
				6C7D00EF18C1A4FC0011A880 /* Release */,
			);
			defaultConfigurationIsVisible = 0;
			defaultConfigurationName = Release;
		};
/* End XCConfigurationList section */
	};
	rootObject = 6C7D00EA18C1A4FC0011A880 /* Project object */;
}
